// !$*UTF8*$!
{
	archiveVersion = 1;
	classes = {
	};
	objectVersion = 46;
	objects = {

/* Begin PBXBuildFile section */
		9C715D2A164DF8320097D184 /* ABPadLockScreenAppDelegate.m in Sources */ = {isa = PBXBuildFile; fileRef = 9C715D28164DF8320097D184 /* ABPadLockScreenAppDelegate.m */; };
		9C715D4B164DF83F0097D184 /* 0-selected.png in Resources */ = {isa = PBXBuildFile; fileRef = 9C715D2F164DF83F0097D184 /* 0-selected.png */; };
		9C715D4C164DF83F0097D184 /* 0.png in Resources */ = {isa = PBXBuildFile; fileRef = 9C715D30164DF83F0097D184 /* 0.png */; };
		9C715D4D164DF83F0097D184 /* 1-selected.png in Resources */ = {isa = PBXBuildFile; fileRef = 9C715D31164DF83F0097D184 /* 1-selected.png */; };
		9C715D4E164DF83F0097D184 /* 1.png in Resources */ = {isa = PBXBuildFile; fileRef = 9C715D32164DF83F0097D184 /* 1.png */; };
		9C715D4F164DF83F0097D184 /* 2-selected.png in Resources */ = {isa = PBXBuildFile; fileRef = 9C715D33164DF83F0097D184 /* 2-selected.png */; };
		9C715D50164DF83F0097D184 /* 2.png in Resources */ = {isa = PBXBuildFile; fileRef = 9C715D34164DF83F0097D184 /* 2.png */; };
		9C715D51164DF83F0097D184 /* 3-selected.png in Resources */ = {isa = PBXBuildFile; fileRef = 9C715D35164DF83F0097D184 /* 3-selected.png */; };
		9C715D52164DF83F0097D184 /* 3.png in Resources */ = {isa = PBXBuildFile; fileRef = 9C715D36164DF83F0097D184 /* 3.png */; };
		9C715D53164DF83F0097D184 /* 4-selected.png in Resources */ = {isa = PBXBuildFile; fileRef = 9C715D37164DF83F0097D184 /* 4-selected.png */; };
		9C715D54164DF83F0097D184 /* 4.png in Resources */ = {isa = PBXBuildFile; fileRef = 9C715D38164DF83F0097D184 /* 4.png */; };
		9C715D55164DF83F0097D184 /* 5-selected.png in Resources */ = {isa = PBXBuildFile; fileRef = 9C715D39164DF83F0097D184 /* 5-selected.png */; };
		9C715D56164DF83F0097D184 /* 5.png in Resources */ = {isa = PBXBuildFile; fileRef = 9C715D3A164DF83F0097D184 /* 5.png */; };
		9C715D57164DF83F0097D184 /* 6-selected.png in Resources */ = {isa = PBXBuildFile; fileRef = 9C715D3B164DF83F0097D184 /* 6-selected.png */; };
		9C715D58164DF83F0097D184 /* 6.png in Resources */ = {isa = PBXBuildFile; fileRef = 9C715D3C164DF83F0097D184 /* 6.png */; };
		9C715D59164DF83F0097D184 /* 7-selected.png in Resources */ = {isa = PBXBuildFile; fileRef = 9C715D3D164DF83F0097D184 /* 7-selected.png */; };
		9C715D5A164DF83F0097D184 /* 7.png in Resources */ = {isa = PBXBuildFile; fileRef = 9C715D3E164DF83F0097D184 /* 7.png */; };
		9C715D5B164DF83F0097D184 /* 8-selected.png in Resources */ = {isa = PBXBuildFile; fileRef = 9C715D3F164DF83F0097D184 /* 8-selected.png */; };
		9C715D5C164DF83F0097D184 /* 8.png in Resources */ = {isa = PBXBuildFile; fileRef = 9C715D40164DF83F0097D184 /* 8.png */; };
		9C715D5D164DF83F0097D184 /* 9-selected.png in Resources */ = {isa = PBXBuildFile; fileRef = 9C715D41164DF83F0097D184 /* 9-selected.png */; };
		9C715D5E164DF83F0097D184 /* 9.png in Resources */ = {isa = PBXBuildFile; fileRef = 9C715D42164DF83F0097D184 /* 9.png */; };
		9C715D60164DF83F0097D184 /* blank.png in Resources */ = {isa = PBXBuildFile; fileRef = 9C715D44164DF83F0097D184 /* blank.png */; };
		9C715D61164DF83F0097D184 /* clear-selected.png in Resources */ = {isa = PBXBuildFile; fileRef = 9C715D45164DF83F0097D184 /* clear-selected.png */; };
		9C715D62164DF83F0097D184 /* clear.png in Resources */ = {isa = PBXBuildFile; fileRef = 9C715D46164DF83F0097D184 /* clear.png */; };
		9C715D69164DF8640097D184 /* YourViewController.m in Sources */ = {isa = PBXBuildFile; fileRef = 9C715D68164DF8640097D184 /* YourViewController.m */; };
		9C715D6E164DFC8C0097D184 /* ABPadLockScreenController.m in Sources */ = {isa = PBXBuildFile; fileRef = 9C715D6C164DFC8B0097D184 /* ABPadLockScreenController.m */; };
		9C715D71164DFCD30097D184 /* ABPadLockScreenView_iPhone.m in Sources */ = {isa = PBXBuildFile; fileRef = 9C715D70164DFCD30097D184 /* ABPadLockScreenView_iPhone.m */; };
		9C715D74164DFCE00097D184 /* ABPadLockScreenView_iPad.m in Sources */ = {isa = PBXBuildFile; fileRef = 9C715D73164DFCE00097D184 /* ABPadLockScreenView_iPad.m */; };
		9C715D76164E03840097D184 /* EntryBox.png in Resources */ = {isa = PBXBuildFile; fileRef = 9C715D75164E03830097D184 /* EntryBox.png */; };
		9C9611FC164F32D300FD7B79 /* EntryBox_entry.png in Resources */ = {isa = PBXBuildFile; fileRef = 9C9611FB164F32D300FD7B79 /* EntryBox_entry.png */; };
		9CB213C41658581B00796EA9 /* error-box.png in Resources */ = {isa = PBXBuildFile; fileRef = 9CB213C21658581B00796EA9 /* error-box.png */; };
		9CB213C51658581B00796EA9 /* error-box@2x.png in Resources */ = {isa = PBXBuildFile; fileRef = 9CB213C31658581B00796EA9 /* error-box@2x.png */; };
		9CB213DF165862B800796EA9 /* 0-selected@2x.png in Resources */ = {isa = PBXBuildFile; fileRef = 9CB213C6165862AA00796EA9 /* 0-selected@2x.png */; };
		9CB213E2165862B800796EA9 /* 1@2x.png in Resources */ = {isa = PBXBuildFile; fileRef = 9CB213C9165862AB00796EA9 /* 1@2x.png */; };
		9CB213E3165862B800796EA9 /* 2-selected@2x.png in Resources */ = {isa = PBXBuildFile; fileRef = 9CB213CA165862AB00796EA9 /* 2-selected@2x.png */; };
		9CB213E4165862B800796EA9 /* 2@2x.png in Resources */ = {isa = PBXBuildFile; fileRef = 9CB213CB165862AB00796EA9 /* 2@2x.png */; };
		9CB213E5165862B800796EA9 /* 3-selected@2x.png in Resources */ = {isa = PBXBuildFile; fileRef = 9CB213CC165862AB00796EA9 /* 3-selected@2x.png */; };
		9CB213E6165862B800796EA9 /* 3@2x.png in Resources */ = {isa = PBXBuildFile; fileRef = 9CB213CD165862AC00796EA9 /* 3@2x.png */; };
		9CB213E7165862B800796EA9 /* 4-selected@2x.png in Resources */ = {isa = PBXBuildFile; fileRef = 9CB213CE165862AC00796EA9 /* 4-selected@2x.png */; };
		9CB213E8165862B800796EA9 /* 4@2x.png in Resources */ = {isa = PBXBuildFile; fileRef = 9CB213CF165862AD00796EA9 /* 4@2x.png */; };
		9CB213E9165862B800796EA9 /* 5-selected@2x.png in Resources */ = {isa = PBXBuildFile; fileRef = 9CB213D0165862AD00796EA9 /* 5-selected@2x.png */; };
		9CB213EA165862B800796EA9 /* 5@2x.png in Resources */ = {isa = PBXBuildFile; fileRef = 9CB213D1165862AD00796EA9 /* 5@2x.png */; };
		9CB213EB165862B800796EA9 /* 6-selected@2x.png in Resources */ = {isa = PBXBuildFile; fileRef = 9CB213D2165862AE00796EA9 /* 6-selected@2x.png */; };
		9CB213EC165862B800796EA9 /* 6@2x.png in Resources */ = {isa = PBXBuildFile; fileRef = 9CB213D3165862AE00796EA9 /* 6@2x.png */; };
		9CB213ED165862B800796EA9 /* 7-selected@2x.png in Resources */ = {isa = PBXBuildFile; fileRef = 9CB213D4165862AF00796EA9 /* 7-selected@2x.png */; };
		9CB213EE165862B800796EA9 /* 7@2x.png in Resources */ = {isa = PBXBuildFile; fileRef = 9CB213D5165862B000796EA9 /* 7@2x.png */; };
		9CB213EF165862B800796EA9 /* 8-selected@2x.png in Resources */ = {isa = PBXBuildFile; fileRef = 9CB213D6165862B000796EA9 /* 8-selected@2x.png */; };
		9CB213F0165862B800796EA9 /* 8@2x.png in Resources */ = {isa = PBXBuildFile; fileRef = 9CB213D7165862B100796EA9 /* 8@2x.png */; };
		9CB213F1165862B800796EA9 /* 9-selected@2x.png in Resources */ = {isa = PBXBuildFile; fileRef = 9CB213D8165862B200796EA9 /* 9-selected@2x.png */; };
		9CB213F2165862B800796EA9 /* 9@2x.png in Resources */ = {isa = PBXBuildFile; fileRef = 9CB213D9165862B200796EA9 /* 9@2x.png */; };
		9CB213F3165862B800796EA9 /* blank@2x.png in Resources */ = {isa = PBXBuildFile; fileRef = 9CB213DA165862B300796EA9 /* blank@2x.png */; };
		9CB213F4165862B800796EA9 /* clear-selected@2x.png in Resources */ = {isa = PBXBuildFile; fileRef = 9CB213DB165862B400796EA9 /* clear-selected@2x.png */; };
		9CB213F5165862B800796EA9 /* clear@2x.png in Resources */ = {isa = PBXBuildFile; fileRef = 9CB213DC165862B500796EA9 /* clear@2x.png */; };
		9CB213F6165862B800796EA9 /* EntryBox_entry@2x.png in Resources */ = {isa = PBXBuildFile; fileRef = 9CB213DD165862B600796EA9 /* EntryBox_entry@2x.png */; };
		9CB213F7165862B800796EA9 /* EntryBox@2x.png in Resources */ = {isa = PBXBuildFile; fileRef = 9CB213DE165862B700796EA9 /* EntryBox@2x.png */; };
		9CB213FA1658631200796EA9 /* 0@2x.png in Resources */ = {isa = PBXBuildFile; fileRef = 9CB213F81658631200796EA9 /* 0@2x.png */; };
		9CB213FB1658631200796EA9 /* 1-selected@2x.png in Resources */ = {isa = PBXBuildFile; fileRef = 9CB213F91658631200796EA9 /* 1-selected@2x.png */; };
		9CB9EFC2141A2641003B990E /* UIKit.framework in Frameworks */ = {isa = PBXBuildFile; fileRef = 9CB9EFC1141A2641003B990E /* UIKit.framework */; };
		9CB9EFC4141A2641003B990E /* Foundation.framework in Frameworks */ = {isa = PBXBuildFile; fileRef = 9CB9EFC3141A2641003B990E /* Foundation.framework */; };
		9CB9EFC6141A2641003B990E /* CoreGraphics.framework in Frameworks */ = {isa = PBXBuildFile; fileRef = 9CB9EFC5141A2641003B990E /* CoreGraphics.framework */; };
		9CB9EFCC141A2641003B990E /* InfoPlist.strings in Resources */ = {isa = PBXBuildFile; fileRef = 9CB9EFCA141A2641003B990E /* InfoPlist.strings */; };
		9CB9EFCE141A2641003B990E /* main.m in Sources */ = {isa = PBXBuildFile; fileRef = 9CB9EFCD141A2641003B990E /* main.m */; };
/* End PBXBuildFile section */

/* Begin PBXFileReference section */
		9C715D27164DF8320097D184 /* ABPadLockScreenAppDelegate.h */ = {isa = PBXFileReference; fileEncoding = 4; lastKnownFileType = sourcecode.c.h; path = ABPadLockScreenAppDelegate.h; sourceTree = "<group>"; };
		9C715D28164DF8320097D184 /* ABPadLockScreenAppDelegate.m */ = {isa = PBXFileReference; fileEncoding = 4; lastKnownFileType = sourcecode.c.objc; path = ABPadLockScreenAppDelegate.m; sourceTree = "<group>"; };
		9C715D2F164DF83F0097D184 /* 0-selected.png */ = {isa = PBXFileReference; lastKnownFileType = image.png; path = "0-selected.png"; sourceTree = "<group>"; };
		9C715D30164DF83F0097D184 /* 0.png */ = {isa = PBXFileReference; lastKnownFileType = image.png; path = 0.png; sourceTree = "<group>"; };
		9C715D31164DF83F0097D184 /* 1-selected.png */ = {isa = PBXFileReference; lastKnownFileType = image.png; path = "1-selected.png"; sourceTree = "<group>"; };
		9C715D32164DF83F0097D184 /* 1.png */ = {isa = PBXFileReference; lastKnownFileType = image.png; path = 1.png; sourceTree = "<group>"; };
		9C715D33164DF83F0097D184 /* 2-selected.png */ = {isa = PBXFileReference; lastKnownFileType = image.png; path = "2-selected.png"; sourceTree = "<group>"; };
		9C715D34164DF83F0097D184 /* 2.png */ = {isa = PBXFileReference; lastKnownFileType = image.png; path = 2.png; sourceTree = "<group>"; };
		9C715D35164DF83F0097D184 /* 3-selected.png */ = {isa = PBXFileReference; lastKnownFileType = image.png; path = "3-selected.png"; sourceTree = "<group>"; };
		9C715D36164DF83F0097D184 /* 3.png */ = {isa = PBXFileReference; lastKnownFileType = image.png; path = 3.png; sourceTree = "<group>"; };
		9C715D37164DF83F0097D184 /* 4-selected.png */ = {isa = PBXFileReference; lastKnownFileType = image.png; path = "4-selected.png"; sourceTree = "<group>"; };
		9C715D38164DF83F0097D184 /* 4.png */ = {isa = PBXFileReference; lastKnownFileType = image.png; path = 4.png; sourceTree = "<group>"; };
		9C715D39164DF83F0097D184 /* 5-selected.png */ = {isa = PBXFileReference; lastKnownFileType = image.png; path = "5-selected.png"; sourceTree = "<group>"; };
		9C715D3A164DF83F0097D184 /* 5.png */ = {isa = PBXFileReference; lastKnownFileType = image.png; path = 5.png; sourceTree = "<group>"; };
		9C715D3B164DF83F0097D184 /* 6-selected.png */ = {isa = PBXFileReference; lastKnownFileType = image.png; path = "6-selected.png"; sourceTree = "<group>"; };
		9C715D3C164DF83F0097D184 /* 6.png */ = {isa = PBXFileReference; lastKnownFileType = image.png; path = 6.png; sourceTree = "<group>"; };
		9C715D3D164DF83F0097D184 /* 7-selected.png */ = {isa = PBXFileReference; lastKnownFileType = image.png; path = "7-selected.png"; sourceTree = "<group>"; };
		9C715D3E164DF83F0097D184 /* 7.png */ = {isa = PBXFileReference; lastKnownFileType = image.png; path = 7.png; sourceTree = "<group>"; };
		9C715D3F164DF83F0097D184 /* 8-selected.png */ = {isa = PBXFileReference; lastKnownFileType = image.png; path = "8-selected.png"; sourceTree = "<group>"; };
		9C715D40164DF83F0097D184 /* 8.png */ = {isa = PBXFileReference; lastKnownFileType = image.png; path = 8.png; sourceTree = "<group>"; };
		9C715D41164DF83F0097D184 /* 9-selected.png */ = {isa = PBXFileReference; lastKnownFileType = image.png; path = "9-selected.png"; sourceTree = "<group>"; };
		9C715D42164DF83F0097D184 /* 9.png */ = {isa = PBXFileReference; lastKnownFileType = image.png; path = 9.png; sourceTree = "<group>"; };
		9C715D44164DF83F0097D184 /* blank.png */ = {isa = PBXFileReference; lastKnownFileType = image.png; path = blank.png; sourceTree = "<group>"; };
		9C715D45164DF83F0097D184 /* clear-selected.png */ = {isa = PBXFileReference; lastKnownFileType = image.png; path = "clear-selected.png"; sourceTree = "<group>"; };
		9C715D46164DF83F0097D184 /* clear.png */ = {isa = PBXFileReference; lastKnownFileType = image.png; path = clear.png; sourceTree = "<group>"; };
		9C715D67164DF8640097D184 /* YourViewController.h */ = {isa = PBXFileReference; fileEncoding = 4; lastKnownFileType = sourcecode.c.h; path = YourViewController.h; sourceTree = "<group>"; };
		9C715D68164DF8640097D184 /* YourViewController.m */ = {isa = PBXFileReference; fileEncoding = 4; lastKnownFileType = sourcecode.c.objc; path = YourViewController.m; sourceTree = "<group>"; };
		9C715D6B164DFC8B0097D184 /* ABPadLockScreenController.h */ = {isa = PBXFileReference; fileEncoding = 4; lastKnownFileType = sourcecode.c.h; path = ABPadLockScreenController.h; sourceTree = "<group>"; };
		9C715D6C164DFC8B0097D184 /* ABPadLockScreenController.m */ = {isa = PBXFileReference; fileEncoding = 4; lastKnownFileType = sourcecode.c.objc; path = ABPadLockScreenController.m; sourceTree = "<group>"; };
		9C715D6F164DFCD30097D184 /* ABPadLockScreenView_iPhone.h */ = {isa = PBXFileReference; fileEncoding = 4; lastKnownFileType = sourcecode.c.h; path = ABPadLockScreenView_iPhone.h; sourceTree = "<group>"; };
		9C715D70164DFCD30097D184 /* ABPadLockScreenView_iPhone.m */ = {isa = PBXFileReference; fileEncoding = 4; lastKnownFileType = sourcecode.c.objc; path = ABPadLockScreenView_iPhone.m; sourceTree = "<group>"; };
		9C715D72164DFCE00097D184 /* ABPadLockScreenView_iPad.h */ = {isa = PBXFileReference; fileEncoding = 4; lastKnownFileType = sourcecode.c.h; path = ABPadLockScreenView_iPad.h; sourceTree = "<group>"; };
		9C715D73164DFCE00097D184 /* ABPadLockScreenView_iPad.m */ = {isa = PBXFileReference; fileEncoding = 4; lastKnownFileType = sourcecode.c.objc; path = ABPadLockScreenView_iPad.m; sourceTree = "<group>"; };
		9C715D75164E03830097D184 /* EntryBox.png */ = {isa = PBXFileReference; lastKnownFileType = image.png; path = EntryBox.png; sourceTree = "<group>"; };
		9C9611FB164F32D300FD7B79 /* EntryBox_entry.png */ = {isa = PBXFileReference; lastKnownFileType = image.png; path = EntryBox_entry.png; sourceTree = "<group>"; };
		9CB213C21658581B00796EA9 /* error-box.png */ = {isa = PBXFileReference; lastKnownFileType = image.png; path = "error-box.png"; sourceTree = "<group>"; };
		9CB213C31658581B00796EA9 /* error-box@2x.png */ = {isa = PBXFileReference; lastKnownFileType = image.png; path = "error-box@2x.png"; sourceTree = "<group>"; };
		9CB213C6165862AA00796EA9 /* 0-selected@2x.png */ = {isa = PBXFileReference; lastKnownFileType = image.png; path = "0-selected@2x.png"; sourceTree = "<group>"; };
		9CB213C9165862AB00796EA9 /* 1@2x.png */ = {isa = PBXFileReference; lastKnownFileType = image.png; path = "1@2x.png"; sourceTree = "<group>"; };
		9CB213CA165862AB00796EA9 /* 2-selected@2x.png */ = {isa = PBXFileReference; lastKnownFileType = image.png; path = "2-selected@2x.png"; sourceTree = "<group>"; };
		9CB213CB165862AB00796EA9 /* 2@2x.png */ = {isa = PBXFileReference; lastKnownFileType = image.png; path = "2@2x.png"; sourceTree = "<group>"; };
		9CB213CC165862AB00796EA9 /* 3-selected@2x.png */ = {isa = PBXFileReference; lastKnownFileType = image.png; path = "3-selected@2x.png"; sourceTree = "<group>"; };
		9CB213CD165862AC00796EA9 /* 3@2x.png */ = {isa = PBXFileReference; lastKnownFileType = image.png; path = "3@2x.png"; sourceTree = "<group>"; };
		9CB213CE165862AC00796EA9 /* 4-selected@2x.png */ = {isa = PBXFileReference; lastKnownFileType = image.png; path = "4-selected@2x.png"; sourceTree = "<group>"; };
		9CB213CF165862AD00796EA9 /* 4@2x.png */ = {isa = PBXFileReference; lastKnownFileType = image.png; path = "4@2x.png"; sourceTree = "<group>"; };
		9CB213D0165862AD00796EA9 /* 5-selected@2x.png */ = {isa = PBXFileReference; lastKnownFileType = image.png; path = "5-selected@2x.png"; sourceTree = "<group>"; };
		9CB213D1165862AD00796EA9 /* 5@2x.png */ = {isa = PBXFileReference; lastKnownFileType = image.png; path = "5@2x.png"; sourceTree = "<group>"; };
		9CB213D2165862AE00796EA9 /* 6-selected@2x.png */ = {isa = PBXFileReference; lastKnownFileType = image.png; path = "6-selected@2x.png"; sourceTree = "<group>"; };
		9CB213D3165862AE00796EA9 /* 6@2x.png */ = {isa = PBXFileReference; lastKnownFileType = image.png; path = "6@2x.png"; sourceTree = "<group>"; };
		9CB213D4165862AF00796EA9 /* 7-selected@2x.png */ = {isa = PBXFileReference; lastKnownFileType = image.png; path = "7-selected@2x.png"; sourceTree = "<group>"; };
		9CB213D5165862B000796EA9 /* 7@2x.png */ = {isa = PBXFileReference; lastKnownFileType = image.png; path = "7@2x.png"; sourceTree = "<group>"; };
		9CB213D6165862B000796EA9 /* 8-selected@2x.png */ = {isa = PBXFileReference; lastKnownFileType = image.png; path = "8-selected@2x.png"; sourceTree = "<group>"; };
		9CB213D7165862B100796EA9 /* 8@2x.png */ = {isa = PBXFileReference; lastKnownFileType = image.png; path = "8@2x.png"; sourceTree = "<group>"; };
		9CB213D8165862B200796EA9 /* 9-selected@2x.png */ = {isa = PBXFileReference; lastKnownFileType = image.png; path = "9-selected@2x.png"; sourceTree = "<group>"; };
		9CB213D9165862B200796EA9 /* 9@2x.png */ = {isa = PBXFileReference; lastKnownFileType = image.png; path = "9@2x.png"; sourceTree = "<group>"; };
		9CB213DA165862B300796EA9 /* blank@2x.png */ = {isa = PBXFileReference; lastKnownFileType = image.png; path = "blank@2x.png"; sourceTree = "<group>"; };
		9CB213DB165862B400796EA9 /* clear-selected@2x.png */ = {isa = PBXFileReference; lastKnownFileType = image.png; path = "clear-selected@2x.png"; sourceTree = "<group>"; };
		9CB213DC165862B500796EA9 /* clear@2x.png */ = {isa = PBXFileReference; lastKnownFileType = image.png; path = "clear@2x.png"; sourceTree = "<group>"; };
		9CB213DD165862B600796EA9 /* EntryBox_entry@2x.png */ = {isa = PBXFileReference; lastKnownFileType = image.png; path = "EntryBox_entry@2x.png"; sourceTree = "<group>"; };
		9CB213DE165862B700796EA9 /* EntryBox@2x.png */ = {isa = PBXFileReference; lastKnownFileType = image.png; path = "EntryBox@2x.png"; sourceTree = "<group>"; };
		9CB213F81658631200796EA9 /* 0@2x.png */ = {isa = PBXFileReference; lastKnownFileType = image.png; path = "0@2x.png"; sourceTree = "<group>"; };
		9CB213F91658631200796EA9 /* 1-selected@2x.png */ = {isa = PBXFileReference; lastKnownFileType = image.png; path = "1-selected@2x.png"; sourceTree = "<group>"; };
		9CB9EFBD141A2641003B990E /* ABPadLockScreen.app */ = {isa = PBXFileReference; explicitFileType = wrapper.application; includeInIndex = 0; path = ABPadLockScreen.app; sourceTree = BUILT_PRODUCTS_DIR; };
		9CB9EFC1141A2641003B990E /* UIKit.framework */ = {isa = PBXFileReference; lastKnownFileType = wrapper.framework; name = UIKit.framework; path = System/Library/Frameworks/UIKit.framework; sourceTree = SDKROOT; };
		9CB9EFC3141A2641003B990E /* Foundation.framework */ = {isa = PBXFileReference; lastKnownFileType = wrapper.framework; name = Foundation.framework; path = System/Library/Frameworks/Foundation.framework; sourceTree = SDKROOT; };
		9CB9EFC5141A2641003B990E /* CoreGraphics.framework */ = {isa = PBXFileReference; lastKnownFileType = wrapper.framework; name = CoreGraphics.framework; path = System/Library/Frameworks/CoreGraphics.framework; sourceTree = SDKROOT; };
		9CB9EFC9141A2641003B990E /* ABPadLockScreen-Info.plist */ = {isa = PBXFileReference; lastKnownFileType = text.plist.xml; path = "ABPadLockScreen-Info.plist"; sourceTree = "<group>"; };
		9CB9EFCB141A2641003B990E /* en */ = {isa = PBXFileReference; lastKnownFileType = text.plist.strings; name = en; path = en.lproj/InfoPlist.strings; sourceTree = "<group>"; };
		9CB9EFCD141A2641003B990E /* main.m */ = {isa = PBXFileReference; lastKnownFileType = sourcecode.c.objc; path = main.m; sourceTree = "<group>"; };
		9CB9EFCF141A2641003B990E /* ABPadLockScreen-Prefix.pch */ = {isa = PBXFileReference; lastKnownFileType = sourcecode.c.h; path = "ABPadLockScreen-Prefix.pch"; sourceTree = "<group>"; };
/* End PBXFileReference section */

/* Begin PBXFrameworksBuildPhase section */
		9CB9EFBA141A2641003B990E /* Frameworks */ = {
			isa = PBXFrameworksBuildPhase;
			buildActionMask = 2147483647;
			files = (
				9CB9EFC2141A2641003B990E /* UIKit.framework in Frameworks */,
				9CB9EFC4141A2641003B990E /* Foundation.framework in Frameworks */,
				9CB9EFC6141A2641003B990E /* CoreGraphics.framework in Frameworks */,
			);
			runOnlyForDeploymentPostprocessing = 0;
		};
/* End PBXFrameworksBuildPhase section */

/* Begin PBXGroup section */
		9C715D26164DF8320097D184 /* Application Bootstrap */ = {
			isa = PBXGroup;
			children = (
				9C715D27164DF8320097D184 /* ABPadLockScreenAppDelegate.h */,
				9C715D28164DF8320097D184 /* ABPadLockScreenAppDelegate.m */,
			);
			path = "Application Bootstrap";
			sourceTree = "<group>";
		};
		9C715D29164DF8320097D184 /* Your Modules */ = {
			isa = PBXGroup;
			children = (
				9C715D67164DF8640097D184 /* YourViewController.h */,
				9C715D68164DF8640097D184 /* YourViewController.m */,
			);
			path = "Your Modules";
			sourceTree = "<group>";
		};
		9C715D2B164DF83F0097D184 /* ABLockScreen */ = {
			isa = PBXGroup;
			children = (
				9C715D6A164DFC8B0097D184 /* Controller */,
				9C715D6D164DFC8B0097D184 /* Views */,
				9C715D2E164DF83F0097D184 /* Assets */,
			);
			name = ABLockScreen;
			path = ../../ABLockScreen;
			sourceTree = "<group>";
		};
		9C715D2E164DF83F0097D184 /* Assets */ = {
			isa = PBXGroup;
			children = (
				9CB213F81658631200796EA9 /* 0@2x.png */,
				9CB213F91658631200796EA9 /* 1-selected@2x.png */,
				9CB213C6165862AA00796EA9 /* 0-selected@2x.png */,
				9CB213C9165862AB00796EA9 /* 1@2x.png */,
				9CB213CA165862AB00796EA9 /* 2-selected@2x.png */,
				9CB213CB165862AB00796EA9 /* 2@2x.png */,
				9CB213CC165862AB00796EA9 /* 3-selected@2x.png */,
				9CB213CD165862AC00796EA9 /* 3@2x.png */,
				9CB213CE165862AC00796EA9 /* 4-selected@2x.png */,
				9CB213CF165862AD00796EA9 /* 4@2x.png */,
				9CB213D0165862AD00796EA9 /* 5-selected@2x.png */,
				9CB213D1165862AD00796EA9 /* 5@2x.png */,
				9CB213D2165862AE00796EA9 /* 6-selected@2x.png */,
				9CB213D3165862AE00796EA9 /* 6@2x.png */,
				9CB213D4165862AF00796EA9 /* 7-selected@2x.png */,
				9CB213D5165862B000796EA9 /* 7@2x.png */,
				9CB213D6165862B000796EA9 /* 8-selected@2x.png */,
				9CB213D7165862B100796EA9 /* 8@2x.png */,
				9CB213D8165862B200796EA9 /* 9-selected@2x.png */,
				9CB213D9165862B200796EA9 /* 9@2x.png */,
				9CB213DA165862B300796EA9 /* blank@2x.png */,
				9CB213DB165862B400796EA9 /* clear-selected@2x.png */,
				9CB213DC165862B500796EA9 /* clear@2x.png */,
				9CB213DD165862B600796EA9 /* EntryBox_entry@2x.png */,
				9CB213DE165862B700796EA9 /* EntryBox@2x.png */,
				9CB213C21658581B00796EA9 /* error-box.png */,
				9CB213C31658581B00796EA9 /* error-box@2x.png */,
				9C9611FB164F32D300FD7B79 /* EntryBox_entry.png */,
				9C715D75164E03830097D184 /* EntryBox.png */,
				9C715D2F164DF83F0097D184 /* 0-selected.png */,
				9C715D30164DF83F0097D184 /* 0.png */,
				9C715D31164DF83F0097D184 /* 1-selected.png */,
				9C715D32164DF83F0097D184 /* 1.png */,
				9C715D33164DF83F0097D184 /* 2-selected.png */,
				9C715D34164DF83F0097D184 /* 2.png */,
				9C715D35164DF83F0097D184 /* 3-selected.png */,
				9C715D36164DF83F0097D184 /* 3.png */,
				9C715D37164DF83F0097D184 /* 4-selected.png */,
				9C715D38164DF83F0097D184 /* 4.png */,
				9C715D39164DF83F0097D184 /* 5-selected.png */,
				9C715D3A164DF83F0097D184 /* 5.png */,
				9C715D3B164DF83F0097D184 /* 6-selected.png */,
				9C715D3C164DF83F0097D184 /* 6.png */,
				9C715D3D164DF83F0097D184 /* 7-selected.png */,
				9C715D3E164DF83F0097D184 /* 7.png */,
				9C715D3F164DF83F0097D184 /* 8-selected.png */,
				9C715D40164DF83F0097D184 /* 8.png */,
				9C715D41164DF83F0097D184 /* 9-selected.png */,
				9C715D42164DF83F0097D184 /* 9.png */,
				9C715D44164DF83F0097D184 /* blank.png */,
				9C715D45164DF83F0097D184 /* clear-selected.png */,
				9C715D46164DF83F0097D184 /* clear.png */,
			);
			path = Assets;
			sourceTree = "<group>";
		};
		9C715D66164DF8510097D184 /* Vendor */ = {
			isa = PBXGroup;
			children = (
				9C715D2B164DF83F0097D184 /* ABLockScreen */,
			);
			name = Vendor;
			sourceTree = "<group>";
		};
		9C715D6A164DFC8B0097D184 /* Controller */ = {
			isa = PBXGroup;
			children = (
				9C715D6B164DFC8B0097D184 /* ABPadLockScreenController.h */,
				9C715D6C164DFC8B0097D184 /* ABPadLockScreenController.m */,
			);
			path = Controller;
			sourceTree = "<group>";
		};
		9C715D6D164DFC8B0097D184 /* Views */ = {
			isa = PBXGroup;
			children = (
				9C715D6F164DFCD30097D184 /* ABPadLockScreenView_iPhone.h */,
				9C715D70164DFCD30097D184 /* ABPadLockScreenView_iPhone.m */,
				9C715D72164DFCE00097D184 /* ABPadLockScreenView_iPad.h */,
				9C715D73164DFCE00097D184 /* ABPadLockScreenView_iPad.m */,
			);
			path = Views;
			sourceTree = "<group>";
		};
		9CB9EFB2141A2641003B990E = {
			isa = PBXGroup;
			children = (
				9CB9EFC7141A2641003B990E /* ABPadLockScreen */,
				9CB9EFC8141A2641003B990E /* Supporting Files */,
				9CB9EFC0141A2641003B990E /* Frameworks */,
				9CB9EFBE141A2641003B990E /* Products */,
			);
			sourceTree = "<group>";
		};
		9CB9EFBE141A2641003B990E /* Products */ = {
			isa = PBXGroup;
			children = (
				9CB9EFBD141A2641003B990E /* ABPadLockScreen.app */,
			);
			name = Products;
			sourceTree = "<group>";
		};
		9CB9EFC0141A2641003B990E /* Frameworks */ = {
			isa = PBXGroup;
			children = (
				9CB9EFC1141A2641003B990E /* UIKit.framework */,
				9CB9EFC3141A2641003B990E /* Foundation.framework */,
				9CB9EFC5141A2641003B990E /* CoreGraphics.framework */,
			);
			name = Frameworks;
			sourceTree = "<group>";
		};
		9CB9EFC7141A2641003B990E /* ABPadLockScreen */ = {
			isa = PBXGroup;
			children = (
				9C715D66164DF8510097D184 /* Vendor */,
				9C715D26164DF8320097D184 /* Application Bootstrap */,
				9C715D29164DF8320097D184 /* Your Modules */,
			);
			path = ABPadLockScreen;
			sourceTree = "<group>";
		};
		9CB9EFC8141A2641003B990E /* Supporting Files */ = {
			isa = PBXGroup;
			children = (
				9CB9EFC9141A2641003B990E /* ABPadLockScreen-Info.plist */,
				9CB9EFCA141A2641003B990E /* InfoPlist.strings */,
				9CB9EFCD141A2641003B990E /* main.m */,
				9CB9EFCF141A2641003B990E /* ABPadLockScreen-Prefix.pch */,
			);
			name = "Supporting Files";
			path = ABPadLockScreen;
			sourceTree = "<group>";
		};
/* End PBXGroup section */

/* Begin PBXNativeTarget section */
		9CB9EFBC141A2641003B990E /* ABPadLockScreen */ = {
			isa = PBXNativeTarget;
			buildConfigurationList = 9CB9EFDE141A2641003B990E /* Build configuration list for PBXNativeTarget "ABPadLockScreen" */;
			buildPhases = (
				9CB9EFB9141A2641003B990E /* Sources */,
				9CB9EFBA141A2641003B990E /* Frameworks */,
				9CB9EFBB141A2641003B990E /* Resources */,
			);
			buildRules = (
			);
			dependencies = (
			);
			name = ABPadLockScreen;
			productName = ABPadLockScreen;
			productReference = 9CB9EFBD141A2641003B990E /* ABPadLockScreen.app */;
			productType = "com.apple.product-type.application";
		};
/* End PBXNativeTarget section */

/* Begin PBXProject section */
		9CB9EFB4141A2641003B990E /* Project object */ = {
			isa = PBXProject;
			attributes = {
				ORGANIZATIONNAME = "Aron's IT Consultancy";
			};
			buildConfigurationList = 9CB9EFB7141A2641003B990E /* Build configuration list for PBXProject "ABPadLockScreen" */;
			compatibilityVersion = "Xcode 3.2";
			developmentRegion = English;
			hasScannedForEncodings = 0;
			knownRegions = (
				en,
			);
			mainGroup = 9CB9EFB2141A2641003B990E;
			productRefGroup = 9CB9EFBE141A2641003B990E /* Products */;
			projectDirPath = "";
			projectRoot = "";
			targets = (
				9CB9EFBC141A2641003B990E /* ABPadLockScreen */,
			);
		};
/* End PBXProject section */

/* Begin PBXResourcesBuildPhase section */
		9CB9EFBB141A2641003B990E /* Resources */ = {
			isa = PBXResourcesBuildPhase;
			buildActionMask = 2147483647;
			files = (
				9CB9EFCC141A2641003B990E /* InfoPlist.strings in Resources */,
				9C715D4B164DF83F0097D184 /* 0-selected.png in Resources */,
				9C715D4C164DF83F0097D184 /* 0.png in Resources */,
				9C715D4D164DF83F0097D184 /* 1-selected.png in Resources */,
				9C715D4E164DF83F0097D184 /* 1.png in Resources */,
				9C715D4F164DF83F0097D184 /* 2-selected.png in Resources */,
				9C715D50164DF83F0097D184 /* 2.png in Resources */,
				9C715D51164DF83F0097D184 /* 3-selected.png in Resources */,
				9C715D52164DF83F0097D184 /* 3.png in Resources */,
				9C715D53164DF83F0097D184 /* 4-selected.png in Resources */,
				9C715D54164DF83F0097D184 /* 4.png in Resources */,
				9C715D55164DF83F0097D184 /* 5-selected.png in Resources */,
				9C715D56164DF83F0097D184 /* 5.png in Resources */,
				9C715D57164DF83F0097D184 /* 6-selected.png in Resources */,
				9C715D58164DF83F0097D184 /* 6.png in Resources */,
				9C715D59164DF83F0097D184 /* 7-selected.png in Resources */,
				9C715D5A164DF83F0097D184 /* 7.png in Resources */,
				9C715D5B164DF83F0097D184 /* 8-selected.png in Resources */,
				9C715D5C164DF83F0097D184 /* 8.png in Resources */,
				9C715D5D164DF83F0097D184 /* 9-selected.png in Resources */,
				9C715D5E164DF83F0097D184 /* 9.png in Resources */,
				9C715D60164DF83F0097D184 /* blank.png in Resources */,
				9C715D61164DF83F0097D184 /* clear-selected.png in Resources */,
				9C715D62164DF83F0097D184 /* clear.png in Resources */,
				9C715D76164E03840097D184 /* EntryBox.png in Resources */,
				9C9611FC164F32D300FD7B79 /* EntryBox_entry.png in Resources */,
				9CB213C41658581B00796EA9 /* error-box.png in Resources */,
				9CB213C51658581B00796EA9 /* error-box@2x.png in Resources */,
				9CB213DF165862B800796EA9 /* 0-selected@2x.png in Resources */,
				9CB213E2165862B800796EA9 /* 1@2x.png in Resources */,
				9CB213E3165862B800796EA9 /* 2-selected@2x.png in Resources */,
				9CB213E4165862B800796EA9 /* 2@2x.png in Resources */,
				9CB213E5165862B800796EA9 /* 3-selected@2x.png in Resources */,
				9CB213E6165862B800796EA9 /* 3@2x.png in Resources */,
				9CB213E7165862B800796EA9 /* 4-selected@2x.png in Resources */,
				9CB213E8165862B800796EA9 /* 4@2x.png in Resources */,
				9CB213E9165862B800796EA9 /* 5-selected@2x.png in Resources */,
				9CB213EA165862B800796EA9 /* 5@2x.png in Resources */,
				9CB213EB165862B800796EA9 /* 6-selected@2x.png in Resources */,
				9CB213EC165862B800796EA9 /* 6@2x.png in Resources */,
				9CB213ED165862B800796EA9 /* 7-selected@2x.png in Resources */,
				9CB213EE165862B800796EA9 /* 7@2x.png in Resources */,
				9CB213EF165862B800796EA9 /* 8-selected@2x.png in Resources */,
				9CB213F0165862B800796EA9 /* 8@2x.png in Resources */,
				9CB213F1165862B800796EA9 /* 9-selected@2x.png in Resources */,
				9CB213F2165862B800796EA9 /* 9@2x.png in Resources */,
				9CB213F3165862B800796EA9 /* blank@2x.png in Resources */,
				9CB213F4165862B800796EA9 /* clear-selected@2x.png in Resources */,
				9CB213F5165862B800796EA9 /* clear@2x.png in Resources */,
				9CB213F6165862B800796EA9 /* EntryBox_entry@2x.png in Resources */,
				9CB213F7165862B800796EA9 /* EntryBox@2x.png in Resources */,
				9CB213FA1658631200796EA9 /* 0@2x.png in Resources */,
				9CB213FB1658631200796EA9 /* 1-selected@2x.png in Resources */,
			);
			runOnlyForDeploymentPostprocessing = 0;
		};
/* End PBXResourcesBuildPhase section */

/* Begin PBXSourcesBuildPhase section */
		9CB9EFB9141A2641003B990E /* Sources */ = {
			isa = PBXSourcesBuildPhase;
			buildActionMask = 2147483647;
			files = (
				9CB9EFCE141A2641003B990E /* main.m in Sources */,
				9C715D2A164DF8320097D184 /* ABPadLockScreenAppDelegate.m in Sources */,
				9C715D69164DF8640097D184 /* YourViewController.m in Sources */,
				9C715D6E164DFC8C0097D184 /* ABPadLockScreenController.m in Sources */,
				9C715D71164DFCD30097D184 /* ABPadLockScreenView_iPhone.m in Sources */,
				9C715D74164DFCE00097D184 /* ABPadLockScreenView_iPad.m in Sources */,
			);
			runOnlyForDeploymentPostprocessing = 0;
		};
/* End PBXSourcesBuildPhase section */

/* Begin PBXVariantGroup section */
		9CB9EFCA141A2641003B990E /* InfoPlist.strings */ = {
			isa = PBXVariantGroup;
			children = (
				9CB9EFCB141A2641003B990E /* en */,
			);
			name = InfoPlist.strings;
			sourceTree = "<group>";
		};
/* End PBXVariantGroup section */

/* Begin XCBuildConfiguration section */
		9CB9EFDC141A2641003B990E /* Debug */ = {
			isa = XCBuildConfiguration;
			buildSettings = {
				ALWAYS_SEARCH_USER_PATHS = NO;
				ARCHS = "$(ARCHS_UNIVERSAL_IPHONE_OS)";
				"CODE_SIGN_IDENTITY[sdk=iphoneos*]" = "iPhone Developer";
				COPY_PHASE_STRIP = NO;
				GCC_C_LANGUAGE_STANDARD = gnu99;
				GCC_DYNAMIC_NO_PIC = NO;
				GCC_OPTIMIZATION_LEVEL = 0;
				GCC_PREPROCESSOR_DEFINITIONS = (
					"DEBUG=1",
					"$(inherited)",
				);
				GCC_SYMBOLS_PRIVATE_EXTERN = NO;
				GCC_VERSION = com.apple.compilers.llvmgcc42;
				GCC_WARN_ABOUT_MISSING_PROTOTYPES = YES;
				GCC_WARN_ABOUT_RETURN_TYPE = YES;
				GCC_WARN_UNUSED_VARIABLE = YES;
				IPHONEOS_DEPLOYMENT_TARGET = 4.3;
				SDKROOT = iphoneos;
				TARGETED_DEVICE_FAMILY = 2;
			};
			name = Debug;
		};
		9CB9EFDD141A2641003B990E /* Release */ = {
			isa = XCBuildConfiguration;
			buildSettings = {
				ALWAYS_SEARCH_USER_PATHS = NO;
				ARCHS = "$(ARCHS_UNIVERSAL_IPHONE_OS)";
				"CODE_SIGN_IDENTITY[sdk=iphoneos*]" = "iPhone Developer";
				COPY_PHASE_STRIP = YES;
				GCC_C_LANGUAGE_STANDARD = gnu99;
				GCC_VERSION = com.apple.compilers.llvmgcc42;
				GCC_WARN_ABOUT_MISSING_PROTOTYPES = YES;
				GCC_WARN_ABOUT_RETURN_TYPE = YES;
				GCC_WARN_UNUSED_VARIABLE = YES;
				IPHONEOS_DEPLOYMENT_TARGET = 4.3;
				OTHER_CFLAGS = "-DNS_BLOCK_ASSERTIONS=1";
				SDKROOT = iphoneos;
				TARGETED_DEVICE_FAMILY = 2;
				VALIDATE_PRODUCT = YES;
			};
			name = Release;
		};
		9CB9EFDF141A2641003B990E /* Debug */ = {
			isa = XCBuildConfiguration;
			buildSettings = {
				CLANG_ENABLE_OBJC_ARC = YES;
				GCC_PRECOMPILE_PREFIX_HEADER = YES;
				GCC_PREFIX_HEADER = "ABPadLockScreen/ABPadLockScreen-Prefix.pch";
				GCC_VERSION = com.apple.compilers.llvm.clang.1_0;
				INFOPLIST_FILE = "ABPadLockScreen/ABPadLockScreen-Info.plist";
				PRODUCT_NAME = "$(TARGET_NAME)";
				TARGETED_DEVICE_FAMILY = "1,2";
				WRAPPER_EXTENSION = app;
			};
			name = Debug;
		};
		9CB9EFE0141A2641003B990E /* Release */ = {
			isa = XCBuildConfiguration;
			buildSettings = {
				CLANG_ENABLE_OBJC_ARC = YES;
				GCC_PRECOMPILE_PREFIX_HEADER = YES;
				GCC_PREFIX_HEADER = "ABPadLockScreen/ABPadLockScreen-Prefix.pch";
				GCC_VERSION = com.apple.compilers.llvm.clang.1_0;
				INFOPLIST_FILE = "ABPadLockScreen/ABPadLockScreen-Info.plist";
				PRODUCT_NAME = "$(TARGET_NAME)";
				TARGETED_DEVICE_FAMILY = "1,2";
				WRAPPER_EXTENSION = app;
			};
			name = Release;
		};
/* End XCBuildConfiguration section */

/* Begin XCConfigurationList section */
		9CB9EFB7141A2641003B990E /* Build configuration list for PBXProject "ABPadLockScreen" */ = {
			isa = XCConfigurationList;
			buildConfigurations = (
				9CB9EFDC141A2641003B990E /* Debug */,
				9CB9EFDD141A2641003B990E /* Release */,
			);
			defaultConfigurationIsVisible = 0;
			defaultConfigurationName = Release;
		};
		9CB9EFDE141A2641003B990E /* Build configuration list for PBXNativeTarget "ABPadLockScreen" */ = {
			isa = XCConfigurationList;
			buildConfigurations = (
				9CB9EFDF141A2641003B990E /* Debug */,
				9CB9EFE0141A2641003B990E /* Release */,
			);
			defaultConfigurationIsVisible = 0;
			defaultConfigurationName = Release;
		};
/* End XCConfigurationList section */
	};
	rootObject = 9CB9EFB4141A2641003B990E /* Project object */;
}
